# This file is autogenerated, do not edit; changes may be undone by the next 'dep ensure'.


[[projects]]
  branch = "master"
  digest = "1:c15e8f52523c3f958266940315ebd95e75d6360b65126b66959fe80dcfaae807"
  name = "github.com/ssoor/fundadore"
  packages = [
    "api",
    "common",
    "log",
  ]
  pruneopts = "UT"
  revision = "6e6dfc5de14952e2077e20ed36ac16388027f739"

[[projects]]
  branch = "master"
  digest = "1:1a8042f3908e4b4fa5b27428c001a7134c641c791578d103be8f801bf2289d0c"
  name = "github.com/ssoor/winapi"
  packages = ["."]
  pruneopts = "UT"
  revision = "489b1d8d85f99de87b218d6c772e262bc73cf264"

[solve-meta]
  analyzer-name = "dep"
  analyzer-version = 1
  input-imports = [
    "github.com/ssoor/fundadore/api",
    "github.com/ssoor/fundadore/log",
  ]
  solver-name = "gps-cdcl"
  solver-version = 1
